
Microsoft Visual Studio Solution File, Format Version 12.00
# Visual Studio Version 16
VisualStudioVersion = 16.0.30225.117
MinimumVisualStudioVersion = 10.0.40219.1
Project("{FAE04EC0-301F-11D3-BF4B-00C04F79EFBC}") = "Form_DemoAPI", "Form_DemoAPI.csproj", "{5F5E8578-3537-40C4-9115-2812F7333EBF}"
EndProject
Global
	GlobalSection(SolutionConfigurationPlatforms) = preSolution
		Debug|Any CPU = Debug|Any CPU
		Release|Any CPU = Release|Any CPU
	EndGlobalSection
	GlobalSection(ProjectConfigurationPlatforms) = postSolution
		{5F5E8578-3537-40C4-9115-2812F7333EBF}.Debug|Any CPU.ActiveCfg = Debug|Any CPU
		{5F5E8578-3537-40C4-9115-2812F7333EBF}.Debug|Any CPU.Build.0 = Debug|Any CPU
		{5F5E8578-3537-40C4-9115-2812F7333EBF}.Release|Any CPU.ActiveCfg = Release|Any CPU
		{5F5E8578-3537-40C4-9115-2812F7333EBF}.Release|Any CPU.Build.0 = Release|Any CPU
	EndGlobalSection
	GlobalSection(SolutionProperties) = preSolution
		HideSolutionNode = FALSE
	EndGlobalSection
	GlobalSection(ExtensibilityGlobals) = postSolution
		SolutionGuid = {037EAF3C-5C8B-4794-AC94-F6131B66047B}
	EndGlobalSection
EndGlobal
